// !$*UTF8*$!
{
	archiveVersion = 1;
	classes = {
	};
	objectVersion = 56;
	objects = {

/* Begin PBXBuildFile section */
		AA24C01C2AC64A4E006B59DF /* PolyEarRight.cpp in Sources */ = {isa = PBXBuildFile; fileRef = AA24C01A2AC64A4E006B59DF /* PolyEarRight.cpp */; };
		AA24C01F2AC64C70006B59DF /* PolyEarLeft.cpp in Sources */ = {isa = PBXBuildFile; fileRef = AA24C01E2AC64C70006B59DF /* PolyEarLeft.cpp */; };
		AA3F04632AC48AE000D3DA39 /* main.cpp in Sources */ = {isa = PBXBuildFile; fileRef = AA3F04622AC48AE000D3DA39 /* main.cpp */; };
		AA3F046B2AC48B0D00D3DA39 /* GLUT.framework in Frameworks */ = {isa = PBXBuildFile; fileRef = AA3F046A2AC48B0D00D3DA39 /* GLUT.framework */; };
		AA3F046D2AC48B1200D3DA39 /* OpenGL.framework in Frameworks */ = {isa = PBXBuildFile; fileRef = AA3F046C2AC48B1200D3DA39 /* OpenGL.framework */; };
		AA3F04712AC48B7900D3DA39 /* Animal.cpp in Sources */ = {isa = PBXBuildFile; fileRef = AA3F046F2AC48B7900D3DA39 /* Animal.cpp */; };
		AA5C226B2AC6039100196AF1 /* PolyHalfCircle.cpp in Sources */ = {isa = PBXBuildFile; fileRef = AA5C22692AC6039100196AF1 /* PolyHalfCircle.cpp */; };
		AAB7C45D2AC5DD7800F6A5B3 /* PolyCircle.cpp in Sources */ = {isa = PBXBuildFile; fileRef = AAB7C45B2AC5DD7800F6A5B3 /* PolyCircle.cpp */; };
		AAB7C4602AC5E5E400F6A5B3 /* PolyRect.cpp in Sources */ = {isa = PBXBuildFile; fileRef = AAB7C45E2AC5E5E400F6A5B3 /* PolyRect.cpp */; };
		AAC9B7832AC6226E006AD1D8 /* PolyTriangle.cpp in Sources */ = {isa = PBXBuildFile; fileRef = AAC9B7812AC6226E006AD1D8 /* PolyTriangle.cpp */; };
		AAF220A92AC5C5B800562D83 /* PolyShape.cpp in Sources */ = {isa = PBXBuildFile; fileRef = AAF220A72AC5C5B800562D83 /* PolyShape.cpp */; };
/* End PBXBuildFile section */

/* Begin PBXCopyFilesBuildPhase section */
		AA3F045D2AC48AE000D3DA39 /* CopyFiles */ = {
			isa = PBXCopyFilesBuildPhase;
			buildActionMask = 2147483647;
			dstPath = /usr/share/man/man1/;
			dstSubfolderSpec = 0;
			files = (
			);
			runOnlyForDeploymentPostprocessing = 1;
		};
/* End PBXCopyFilesBuildPhase section */

/* Begin PBXFileReference section */
		AA24C01A2AC64A4E006B59DF /* PolyEarRight.cpp */ = {isa = PBXFileReference; fileEncoding = 4; lastKnownFileType = sourcecode.cpp.cpp; path = PolyEarRight.cpp; sourceTree = "<group>"; };
		AA24C01B2AC64A4E006B59DF /* PolyEarRight.hpp */ = {isa = PBXFileReference; fileEncoding = 4; lastKnownFileType = sourcecode.cpp.h; path = PolyEarRight.hpp; sourceTree = "<group>"; };
		AA24C01D2AC64C70006B59DF /* PolyEarLeft.hpp */ = {isa = PBXFileReference; fileEncoding = 4; lastKnownFileType = sourcecode.cpp.h; path = PolyEarLeft.hpp; sourceTree = "<group>"; };
		AA24C01E2AC64C70006B59DF /* PolyEarLeft.cpp */ = {isa = PBXFileReference; fileEncoding = 4; lastKnownFileType = sourcecode.cpp.cpp; path = PolyEarLeft.cpp; sourceTree = "<group>"; };
		AA3F045F2AC48AE000D3DA39 /* Version1 */ = {isa = PBXFileReference; explicitFileType = "compiled.mach-o.executable"; includeInIndex = 0; path = Version1; sourceTree = BUILT_PRODUCTS_DIR; };
		AA3F04622AC48AE000D3DA39 /* main.cpp */ = {isa = PBXFileReference; lastKnownFileType = sourcecode.cpp.cpp; path = main.cpp; sourceTree = "<group>"; };
		AA3F046A2AC48B0D00D3DA39 /* GLUT.framework */ = {isa = PBXFileReference; lastKnownFileType = wrapper.framework; name = GLUT.framework; path = System/Library/Frameworks/GLUT.framework; sourceTree = SDKROOT; };
		AA3F046C2AC48B1200D3DA39 /* OpenGL.framework */ = {isa = PBXFileReference; lastKnownFileType = wrapper.framework; name = OpenGL.framework; path = System/Library/Frameworks/OpenGL.framework; sourceTree = SDKROOT; };
		AA3F046E2AC48B5300D3DA39 /* glPlatform.h */ = {isa = PBXFileReference; lastKnownFileType = sourcecode.c.h; path = glPlatform.h; sourceTree = "<group>"; };
		AA3F046F2AC48B7900D3DA39 /* Animal.cpp */ = {isa = PBXFileReference; lastKnownFileType = sourcecode.cpp.cpp; path = Animal.cpp; sourceTree = "<group>"; };
		AA3F04702AC48B7900D3DA39 /* Animal.hpp */ = {isa = PBXFileReference; lastKnownFileType = sourcecode.cpp.h; path = Animal.hpp; sourceTree = "<group>"; };
		AA5C22692AC6039100196AF1 /* PolyHalfCircle.cpp */ = {isa = PBXFileReference; lastKnownFileType = sourcecode.cpp.cpp; path = PolyHalfCircle.cpp; sourceTree = "<group>"; };
		AA5C226A2AC6039100196AF1 /* PolyHalfCircle.hpp */ = {isa = PBXFileReference; lastKnownFileType = sourcecode.cpp.h; path = PolyHalfCircle.hpp; sourceTree = "<group>"; };
		AA5C226C2AC60E1400196AF1 /* shapeCoords.txt */ = {isa = PBXFileReference; lastKnownFileType = text; path = shapeCoords.txt; sourceTree = "<group>"; };
		AAAE5EC92AC62CCF00D75DFC /* rightears.txt */ = {isa = PBXFileReference; lastKnownFileType = text; path = rightears.txt; sourceTree = "<group>"; };
		AAB7C45B2AC5DD7800F6A5B3 /* PolyCircle.cpp */ = {isa = PBXFileReference; lastKnownFileType = sourcecode.cpp.cpp; path = PolyCircle.cpp; sourceTree = "<group>"; };
		AAB7C45C2AC5DD7800F6A5B3 /* PolyCircle.hpp */ = {isa = PBXFileReference; lastKnownFileType = sourcecode.cpp.h; path = PolyCircle.hpp; sourceTree = "<group>"; };
		AAB7C45E2AC5E5E400F6A5B3 /* PolyRect.cpp */ = {isa = PBXFileReference; lastKnownFileType = sourcecode.cpp.cpp; path = PolyRect.cpp; sourceTree = "<group>"; };
		AAB7C45F2AC5E5E400F6A5B3 /* PolyRect.hpp */ = {isa = PBXFileReference; lastKnownFileType = sourcecode.cpp.h; path = PolyRect.hpp; sourceTree = "<group>"; };
		AAC9B7812AC6226E006AD1D8 /* PolyTriangle.cpp */ = {isa = PBXFileReference; lastKnownFileType = sourcecode.cpp.cpp; path = PolyTriangle.cpp; sourceTree = "<group>"; };
		AAC9B7822AC6226E006AD1D8 /* PolyTriangle.hpp */ = {isa = PBXFileReference; lastKnownFileType = sourcecode.cpp.h; path = PolyTriangle.hpp; sourceTree = "<group>"; };
		AAF220A72AC5C5B800562D83 /* PolyShape.cpp */ = {isa = PBXFileReference; lastKnownFileType = sourcecode.cpp.cpp; path = PolyShape.cpp; sourceTree = "<group>"; };
		AAF220A82AC5C5B800562D83 /* PolyShape.hpp */ = {isa = PBXFileReference; lastKnownFileType = sourcecode.cpp.h; path = PolyShape.hpp; sourceTree = "<group>"; };
/* End PBXFileReference section */

/* Begin PBXFrameworksBuildPhase section */
		AA3F045C2AC48AE000D3DA39 /* Frameworks */ = {
			isa = PBXFrameworksBuildPhase;
			buildActionMask = 2147483647;
			files = (
				AA3F046B2AC48B0D00D3DA39 /* GLUT.framework in Frameworks */,
				AA3F046D2AC48B1200D3DA39 /* OpenGL.framework in Frameworks */,
			);
			runOnlyForDeploymentPostprocessing = 0;
		};
/* End PBXFrameworksBuildPhase section */

/* Begin PBXGroup section */
		AA3F04562AC48AE000D3DA39 = {
			isa = PBXGroup;
			children = (
				AA3F04612AC48AE000D3DA39 /* Version1 */,
				AA3F04602AC48AE000D3DA39 /* Products */,
				AA3F04692AC48B0D00D3DA39 /* Frameworks */,
			);
			sourceTree = "<group>";
		};
		AA3F04602AC48AE000D3DA39 /* Products */ = {
			isa = PBXGroup;
			children = (
				AA3F045F2AC48AE000D3DA39 /* Version1 */,
			);
			name = Products;
			sourceTree = "<group>";
		};
		AA3F04612AC48AE000D3DA39 /* Version1 */ = {
			isa = PBXGroup;
			children = (
				AA5C226C2AC60E1400196AF1 /* shapeCoords.txt */,
				AA3F046E2AC48B5300D3DA39 /* glPlatform.h */,
				AA3F04622AC48AE000D3DA39 /* main.cpp */,
				AA3F046F2AC48B7900D3DA39 /* Animal.cpp */,
				AA3F04702AC48B7900D3DA39 /* Animal.hpp */,
				AAF220A72AC5C5B800562D83 /* PolyShape.cpp */,
				AAF220A82AC5C5B800562D83 /* PolyShape.hpp */,
				AAAE5EC92AC62CCF00D75DFC /* rightears.txt */,
				AAB7C45B2AC5DD7800F6A5B3 /* PolyCircle.cpp */,
				AAB7C45C2AC5DD7800F6A5B3 /* PolyCircle.hpp */,
				AAB7C45E2AC5E5E400F6A5B3 /* PolyRect.cpp */,
				AAB7C45F2AC5E5E400F6A5B3 /* PolyRect.hpp */,
				AA5C22692AC6039100196AF1 /* PolyHalfCircle.cpp */,
				AA5C226A2AC6039100196AF1 /* PolyHalfCircle.hpp */,
				AAC9B7812AC6226E006AD1D8 /* PolyTriangle.cpp */,
				AAC9B7822AC6226E006AD1D8 /* PolyTriangle.hpp */,
				AA24C01A2AC64A4E006B59DF /* PolyEarRight.cpp */,
				AA24C01B2AC64A4E006B59DF /* PolyEarRight.hpp */,
				AA24C01E2AC64C70006B59DF /* PolyEarLeft.cpp */,
				AA24C01D2AC64C70006B59DF /* PolyEarLeft.hpp */,
			);
			path = Version1;
			sourceTree = "<group>";
		};
		AA3F04692AC48B0D00D3DA39 /* Frameworks */ = {
			isa = PBXGroup;
			children = (
				AA3F046C2AC48B1200D3DA39 /* OpenGL.framework */,
				AA3F046A2AC48B0D00D3DA39 /* GLUT.framework */,
			);
			name = Frameworks;
			sourceTree = "<group>";
		};
/* End PBXGroup section */

/* Begin PBXNativeTarget section */
		AA3F045E2AC48AE000D3DA39 /* Version1 */ = {
			isa = PBXNativeTarget;
			buildConfigurationList = AA3F04662AC48AE000D3DA39 /* Build configuration list for PBXNativeTarget "Version1" */;
			buildPhases = (
				AA3F045B2AC48AE000D3DA39 /* Sources */,
				AA3F045C2AC48AE000D3DA39 /* Frameworks */,
				AA3F045D2AC48AE000D3DA39 /* CopyFiles */,
			);
			buildRules = (
			);
			dependencies = (
			);
			name = Version1;
			productName = Version1;
			productReference = AA3F045F2AC48AE000D3DA39 /* Version1 */;
			productType = "com.apple.product-type.tool";
		};
/* End PBXNativeTarget section */

/* Begin PBXProject section */
		AA3F04572AC48AE000D3DA39 /* Project object */ = {
			isa = PBXProject;
			attributes = {
				BuildIndependentTargetsInParallel = 1;
				LastUpgradeCheck = 1430;
				TargetAttributes = {
					AA3F045E2AC48AE000D3DA39 = {
						CreatedOnToolsVersion = 14.3.1;
					};
				};
			};
			buildConfigurationList = AA3F045A2AC48AE000D3DA39 /* Build configuration list for PBXProject "Version1" */;
			compatibilityVersion = "Xcode 14.0";
			developmentRegion = en;
			hasScannedForEncodings = 0;
			knownRegions = (
				en,
				Base,
			);
			mainGroup = AA3F04562AC48AE000D3DA39;
			productRefGroup = AA3F04602AC48AE000D3DA39 /* Products */;
			projectDirPath = "";
			projectRoot = "";
			targets = (
				AA3F045E2AC48AE000D3DA39 /* Version1 */,
			);
		};
/* End PBXProject section */

/* Begin PBXSourcesBuildPhase section */
		AA3F045B2AC48AE000D3DA39 /* Sources */ = {
			isa = PBXSourcesBuildPhase;
			buildActionMask = 2147483647;
			files = (
				AA3F04632AC48AE000D3DA39 /* main.cpp in Sources */,
				AAC9B7832AC6226E006AD1D8 /* PolyTriangle.cpp in Sources */,
				AA24C01F2AC64C70006B59DF /* PolyEarLeft.cpp in Sources */,
				AAB7C45D2AC5DD7800F6A5B3 /* PolyCircle.cpp in Sources */,
				AA24C01C2AC64A4E006B59DF /* PolyEarRight.cpp in Sources */,
				AA3F04712AC48B7900D3DA39 /* Animal.cpp in Sources */,
				AAB7C4602AC5E5E400F6A5B3 /* PolyRect.cpp in Sources */,
				AA5C226B2AC6039100196AF1 /* PolyHalfCircle.cpp in Sources */,
				AAF220A92AC5C5B800562D83 /* PolyShape.cpp in Sources */,
			);
			runOnlyForDeploymentPostprocessing = 0;
		};
/* End PBXSourcesBuildPhase section */

/* Begin XCBuildConfiguration section */
		AA3F04642AC48AE000D3DA39 /* Debug */ = {
			isa = XCBuildConfiguration;
			buildSettings = {
				ALWAYS_SEARCH_USER_PATHS = NO;
				CLANG_ANALYZER_NONNULL = YES;
				CLANG_ANALYZER_NUMBER_OBJECT_CONVERSION = YES_AGGRESSIVE;
				CLANG_CXX_LANGUAGE_STANDARD = "gnu++20";
				CLANG_ENABLE_MODULES = YES;
				CLANG_ENABLE_OBJC_ARC = YES;
				CLANG_ENABLE_OBJC_WEAK = YES;
				CLANG_WARN_BLOCK_CAPTURE_AUTORELEASING = YES;
				CLANG_WARN_BOOL_CONVERSION = YES;
				CLANG_WARN_COMMA = YES;
				CLANG_WARN_CONSTANT_CONVERSION = YES;
				CLANG_WARN_DEPRECATED_OBJC_IMPLEMENTATIONS = YES;
				CLANG_WARN_DIRECT_OBJC_ISA_USAGE = YES_ERROR;
				CLANG_WARN_DOCUMENTATION_COMMENTS = YES;
				CLANG_WARN_EMPTY_BODY = YES;
				CLANG_WARN_ENUM_CONVERSION = YES;
				CLANG_WARN_INFINITE_RECURSION = YES;
				CLANG_WARN_INT_CONVERSION = YES;
				CLANG_WARN_NON_LITERAL_NULL_CONVERSION = YES;
				CLANG_WARN_OBJC_IMPLICIT_RETAIN_SELF = YES;
				CLANG_WARN_OBJC_LITERAL_CONVERSION = YES;
				CLANG_WARN_OBJC_ROOT_CLASS = YES_ERROR;
				CLANG_WARN_QUOTED_INCLUDE_IN_FRAMEWORK_HEADER = YES;
				CLANG_WARN_RANGE_LOOP_ANALYSIS = YES;
				CLANG_WARN_STRICT_PROTOTYPES = YES;
				CLANG_WARN_SUSPICIOUS_MOVE = YES;
				CLANG_WARN_UNGUARDED_AVAILABILITY = YES_AGGRESSIVE;
				CLANG_WARN_UNREACHABLE_CODE = YES;
				CLANG_WARN__DUPLICATE_METHOD_MATCH = YES;
				COPY_PHASE_STRIP = NO;
				DEBUG_INFORMATION_FORMAT = dwarf;
				ENABLE_STRICT_OBJC_MSGSEND = YES;
				ENABLE_TESTABILITY = YES;
				GCC_C_LANGUAGE_STANDARD = gnu11;
				GCC_DYNAMIC_NO_PIC = NO;
				GCC_NO_COMMON_BLOCKS = YES;
				GCC_OPTIMIZATION_LEVEL = 0;
				GCC_PREPROCESSOR_DEFINITIONS = (
					"DEBUG=1",
					"$(inherited)",
				);
				GCC_WARN_64_TO_32_BIT_CONVERSION = YES;
				GCC_WARN_ABOUT_RETURN_TYPE = YES_ERROR;
				GCC_WARN_UNDECLARED_SELECTOR = YES;
				GCC_WARN_UNINITIALIZED_AUTOS = YES_AGGRESSIVE;
				GCC_WARN_UNUSED_FUNCTION = YES;
				GCC_WARN_UNUSED_VARIABLE = YES;
				MACOSX_DEPLOYMENT_TARGET = 13.3;
				MTL_ENABLE_DEBUG_INFO = INCLUDE_SOURCE;
				MTL_FAST_MATH = YES;
				ONLY_ACTIVE_ARCH = YES;
				SDKROOT = macosx;
			};
			name = Debug;
		};
		AA3F04652AC48AE000D3DA39 /* Release */ = {
			isa = XCBuildConfiguration;
			buildSettings = {
				ALWAYS_SEARCH_USER_PATHS = NO;
				CLANG_ANALYZER_NONNULL = YES;
				CLANG_ANALYZER_NUMBER_OBJECT_CONVERSION = YES_AGGRESSIVE;
				CLANG_CXX_LANGUAGE_STANDARD = "gnu++20";
				CLANG_ENABLE_MODULES = YES;
				CLANG_ENABLE_OBJC_ARC = YES;
				CLANG_ENABLE_OBJC_WEAK = YES;
				CLANG_WARN_BLOCK_CAPTURE_AUTORELEASING = YES;
				CLANG_WARN_BOOL_CONVERSION = YES;
				CLANG_WARN_COMMA = YES;
				CLANG_WARN_CONSTANT_CONVERSION = YES;
				CLANG_WARN_DEPRECATED_OBJC_IMPLEMENTATIONS = YES;
				CLANG_WARN_DIRECT_OBJC_ISA_USAGE = YES_ERROR;
				CLANG_WARN_DOCUMENTATION_COMMENTS = YES;
				CLANG_WARN_EMPTY_BODY = YES;
				CLANG_WARN_ENUM_CONVERSION = YES;
				CLANG_WARN_INFINITE_RECURSION = YES;
				CLANG_WARN_INT_CONVERSION = YES;
				CLANG_WARN_NON_LITERAL_NULL_CONVERSION = YES;
				CLANG_WARN_OBJC_IMPLICIT_RETAIN_SELF = YES;
				CLANG_WARN_OBJC_LITERAL_CONVERSION = YES;
				CLANG_WARN_OBJC_ROOT_CLASS = YES_ERROR;
				CLANG_WARN_QUOTED_INCLUDE_IN_FRAMEWORK_HEADER = YES;
				CLANG_WARN_RANGE_LOOP_ANALYSIS = YES;
				CLANG_WARN_STRICT_PROTOTYPES = YES;
				CLANG_WARN_SUSPICIOUS_MOVE = YES;
				CLANG_WARN_UNGUARDED_AVAILABILITY = YES_AGGRESSIVE;
				CLANG_WARN_UNREACHABLE_CODE = YES;
				CLANG_WARN__DUPLICATE_METHOD_MATCH = YES;
				COPY_PHASE_STRIP = NO;
				DEBUG_INFORMATION_FORMAT = "dwarf-with-dsym";
				ENABLE_NS_ASSERTIONS = NO;
				ENABLE_STRICT_OBJC_MSGSEND = YES;
				GCC_C_LANGUAGE_STANDARD = gnu11;
				GCC_NO_COMMON_BLOCKS = YES;
				GCC_WARN_64_TO_32_BIT_CONVERSION = YES;
				GCC_WARN_ABOUT_RETURN_TYPE = YES_ERROR;
				GCC_WARN_UNDECLARED_SELECTOR = YES;
				GCC_WARN_UNINITIALIZED_AUTOS = YES_AGGRESSIVE;
				GCC_WARN_UNUSED_FUNCTION = YES;
				GCC_WARN_UNUSED_VARIABLE = YES;
				MACOSX_DEPLOYMENT_TARGET = 13.3;
				MTL_ENABLE_DEBUG_INFO = NO;
				MTL_FAST_MATH = YES;
				SDKROOT = macosx;
			};
			name = Release;
		};
		AA3F04672AC48AE000D3DA39 /* Debug */ = {
			isa = XCBuildConfiguration;
			buildSettings = {
				CODE_SIGN_STYLE = Automatic;
				DEVELOPMENT_TEAM = 926B47NP6S;
				ENABLE_HARDENED_RUNTIME = YES;
				PRODUCT_NAME = "$(TARGET_NAME)";
			};
			name = Debug;
		};
		AA3F04682AC48AE000D3DA39 /* Release */ = {
			isa = XCBuildConfiguration;
			buildSettings = {
				CODE_SIGN_STYLE = Automatic;
				DEVELOPMENT_TEAM = 926B47NP6S;
				ENABLE_HARDENED_RUNTIME = YES;
				PRODUCT_NAME = "$(TARGET_NAME)";
			};
			name = Release;
		};
/* End XCBuildConfiguration section */

/* Begin XCConfigurationList section */
		AA3F045A2AC48AE000D3DA39 /* Build configuration list for PBXProject "Version1" */ = {
			isa = XCConfigurationList;
			buildConfigurations = (
				AA3F04642AC48AE000D3DA39 /* Debug */,
				AA3F04652AC48AE000D3DA39 /* Release */,
			);
			defaultConfigurationIsVisible = 0;
			defaultConfigurationName = Release;
		};
		AA3F04662AC48AE000D3DA39 /* Build configuration list for PBXNativeTarget "Version1" */ = {
			isa = XCConfigurationList;
			buildConfigurations = (
				AA3F04672AC48AE000D3DA39 /* Debug */,
				AA3F04682AC48AE000D3DA39 /* Release */,
			);
			defaultConfigurationIsVisible = 0;
			defaultConfigurationName = Release;
		};
/* End XCConfigurationList section */
	};
	rootObject = AA3F04572AC48AE000D3DA39 /* Project object */;
}
