// !$*UTF8*$!
{
	archiveVersion = 1;
	classes = {
	};
	objectVersion = 56;
	objects = {

/* Begin PBXBuildFile section */
		AA17E9E22B0CEC3900F2AB30 /* main.cpp in Sources */ = {isa = PBXBuildFile; fileRef = AA17E9E12B0CEC3900F2AB30 /* main.cpp */; };
		AA17E9EA2B0CEC4500F2AB30 /* GLUT.framework in Frameworks */ = {isa = PBXBuildFile; fileRef = AA17E9E92B0CEC4500F2AB30 /* GLUT.framework */; };
		AA17E9EC2B0CEC4900F2AB30 /* OpenGL.framework in Frameworks */ = {isa = PBXBuildFile; fileRef = AA17E9EB2B0CEC4900F2AB30 /* OpenGL.framework */; };
		AA17E9F12B0CECA500F2AB30 /* QuadMesh3D.cpp in Sources */ = {isa = PBXBuildFile; fileRef = AA17E9EF2B0CECA500F2AB30 /* QuadMesh3D.cpp */; };
		AA17E9F42B0CECEC00F2AB30 /* Quad3D.cpp in Sources */ = {isa = PBXBuildFile; fileRef = AA17E9F22B0CECEC00F2AB30 /* Quad3D.cpp */; };
		AA17E9F82B0CED7500F2AB30 /* GraphicObject3D.cpp in Sources */ = {isa = PBXBuildFile; fileRef = AA17E9F72B0CED7500F2AB30 /* GraphicObject3D.cpp */; };
		AA17E9FC2B0CEDA700F2AB30 /* Cylinder3D.cpp in Sources */ = {isa = PBXBuildFile; fileRef = AA17E9FB2B0CEDA700F2AB30 /* Cylinder3D.cpp */; };
		AA17E9FF2B0CEE2100F2AB30 /* drawingUtilities.cpp in Sources */ = {isa = PBXBuildFile; fileRef = AA17E9FE2B0CEE2100F2AB30 /* drawingUtilities.cpp */; };
		AA17EA022B0CF1A700F2AB30 /* House3D.cpp in Sources */ = {isa = PBXBuildFile; fileRef = AA17EA002B0CF1A700F2AB30 /* House3D.cpp */; };
/* End PBXBuildFile section */

/* Begin PBXCopyFilesBuildPhase section */
		AA17E9DC2B0CEC3900F2AB30 /* CopyFiles */ = {
			isa = PBXCopyFilesBuildPhase;
			buildActionMask = 2147483647;
			dstPath = /usr/share/man/man1/;
			dstSubfolderSpec = 0;
			files = (
			);
			runOnlyForDeploymentPostprocessing = 1;
		};
/* End PBXCopyFilesBuildPhase section */

/* Begin PBXFileReference section */
		AA17E9DE2B0CEC3900F2AB30 /* hw4 */ = {isa = PBXFileReference; explicitFileType = "compiled.mach-o.executable"; includeInIndex = 0; path = hw4; sourceTree = BUILT_PRODUCTS_DIR; };
		AA17E9E12B0CEC3900F2AB30 /* main.cpp */ = {isa = PBXFileReference; lastKnownFileType = sourcecode.cpp.cpp; path = main.cpp; sourceTree = "<group>"; };
		AA17E9E92B0CEC4500F2AB30 /* GLUT.framework */ = {isa = PBXFileReference; lastKnownFileType = wrapper.framework; name = GLUT.framework; path = System/Library/Frameworks/GLUT.framework; sourceTree = SDKROOT; };
		AA17E9EB2B0CEC4900F2AB30 /* OpenGL.framework */ = {isa = PBXFileReference; lastKnownFileType = wrapper.framework; name = OpenGL.framework; path = System/Library/Frameworks/OpenGL.framework; sourceTree = SDKROOT; };
		AA17E9EF2B0CECA500F2AB30 /* QuadMesh3D.cpp */ = {isa = PBXFileReference; lastKnownFileType = sourcecode.cpp.cpp; path = QuadMesh3D.cpp; sourceTree = "<group>"; };
		AA17E9F02B0CECA500F2AB30 /* QuadMesh3D.h */ = {isa = PBXFileReference; lastKnownFileType = sourcecode.c.h; path = QuadMesh3D.h; sourceTree = "<group>"; };
		AA17E9F22B0CECEC00F2AB30 /* Quad3D.cpp */ = {isa = PBXFileReference; lastKnownFileType = sourcecode.cpp.cpp; path = Quad3D.cpp; sourceTree = "<group>"; };
		AA17E9F32B0CECEC00F2AB30 /* Quad3D.h */ = {isa = PBXFileReference; lastKnownFileType = sourcecode.c.h; path = Quad3D.h; sourceTree = "<group>"; };
		AA17E9F52B0CED1F00F2AB30 /* glPlatform.h */ = {isa = PBXFileReference; lastKnownFileType = sourcecode.c.h; path = glPlatform.h; sourceTree = "<group>"; };
		AA17E9F62B0CED3E00F2AB30 /* common.h */ = {isa = PBXFileReference; lastKnownFileType = sourcecode.c.h; path = common.h; sourceTree = "<group>"; };
		AA17E9F72B0CED7500F2AB30 /* GraphicObject3D.cpp */ = {isa = PBXFileReference; fileEncoding = 4; lastKnownFileType = sourcecode.cpp.cpp; path = GraphicObject3D.cpp; sourceTree = "<group>"; };
		AA17E9F92B0CED8000F2AB30 /* GraphicObject3D.h */ = {isa = PBXFileReference; lastKnownFileType = sourcecode.c.h; path = GraphicObject3D.h; sourceTree = "<group>"; };
		AA17E9FA2B0CED9F00F2AB30 /* Cylinder3D.h */ = {isa = PBXFileReference; lastKnownFileType = sourcecode.c.h; path = Cylinder3D.h; sourceTree = "<group>"; };
		AA17E9FB2B0CEDA700F2AB30 /* Cylinder3D.cpp */ = {isa = PBXFileReference; fileEncoding = 4; lastKnownFileType = sourcecode.cpp.cpp; path = Cylinder3D.cpp; sourceTree = "<group>"; };
		AA17E9FD2B0CEE1400F2AB30 /* drawingUtilities.h */ = {isa = PBXFileReference; lastKnownFileType = sourcecode.c.h; path = drawingUtilities.h; sourceTree = "<group>"; };
		AA17E9FE2B0CEE2100F2AB30 /* drawingUtilities.cpp */ = {isa = PBXFileReference; fileEncoding = 4; lastKnownFileType = sourcecode.cpp.cpp; path = drawingUtilities.cpp; sourceTree = "<group>"; };
		AA17EA002B0CF1A700F2AB30 /* House3D.cpp */ = {isa = PBXFileReference; lastKnownFileType = sourcecode.cpp.cpp; path = House3D.cpp; sourceTree = "<group>"; };
		AA17EA012B0CF1A700F2AB30 /* House3D.h */ = {isa = PBXFileReference; lastKnownFileType = sourcecode.c.h; path = House3D.h; sourceTree = "<group>"; };
/* End PBXFileReference section */

/* Begin PBXFrameworksBuildPhase section */
		AA17E9DB2B0CEC3900F2AB30 /* Frameworks */ = {
			isa = PBXFrameworksBuildPhase;
			buildActionMask = 2147483647;
			files = (
				AA17E9EA2B0CEC4500F2AB30 /* GLUT.framework in Frameworks */,
				AA17E9EC2B0CEC4900F2AB30 /* OpenGL.framework in Frameworks */,
			);
			runOnlyForDeploymentPostprocessing = 0;
		};
/* End PBXFrameworksBuildPhase section */

/* Begin PBXGroup section */
		AA17E9D52B0CEC3900F2AB30 = {
			isa = PBXGroup;
			children = (
				AA17E9E02B0CEC3900F2AB30 /* hw4 */,
				AA17E9DF2B0CEC3900F2AB30 /* Products */,
				AA17E9E82B0CEC4500F2AB30 /* Frameworks */,
			);
			sourceTree = "<group>";
		};
		AA17E9DF2B0CEC3900F2AB30 /* Products */ = {
			isa = PBXGroup;
			children = (
				AA17E9DE2B0CEC3900F2AB30 /* hw4 */,
			);
			name = Products;
			sourceTree = "<group>";
		};
		AA17E9E02B0CEC3900F2AB30 /* hw4 */ = {
			isa = PBXGroup;
			children = (
				AA17E9E12B0CEC3900F2AB30 /* main.cpp */,
				AA17E9EE2B0CEC5400F2AB30 /* Headers */,
				AA17E9ED2B0CEC4E00F2AB30 /* Source */,
			);
			path = hw4;
			sourceTree = "<group>";
		};
		AA17E9E82B0CEC4500F2AB30 /* Frameworks */ = {
			isa = PBXGroup;
			children = (
				AA17E9EB2B0CEC4900F2AB30 /* OpenGL.framework */,
				AA17E9E92B0CEC4500F2AB30 /* GLUT.framework */,
			);
			name = Frameworks;
			sourceTree = "<group>";
		};
		AA17E9ED2B0CEC4E00F2AB30 /* Source */ = {
			isa = PBXGroup;
			children = (
				AA17EA002B0CF1A700F2AB30 /* House3D.cpp */,
				AA17E9F22B0CECEC00F2AB30 /* Quad3D.cpp */,
				AA17E9FE2B0CEE2100F2AB30 /* drawingUtilities.cpp */,
				AA17E9F72B0CED7500F2AB30 /* GraphicObject3D.cpp */,
				AA17E9FB2B0CEDA700F2AB30 /* Cylinder3D.cpp */,
				AA17E9EF2B0CECA500F2AB30 /* QuadMesh3D.cpp */,
			);
			path = Source;
			sourceTree = "<group>";
		};
		AA17E9EE2B0CEC5400F2AB30 /* Headers */ = {
			isa = PBXGroup;
			children = (
				AA17E9F52B0CED1F00F2AB30 /* glPlatform.h */,
				AA17E9FD2B0CEE1400F2AB30 /* drawingUtilities.h */,
				AA17E9F02B0CECA500F2AB30 /* QuadMesh3D.h */,
				AA17E9FA2B0CED9F00F2AB30 /* Cylinder3D.h */,
				AA17E9F92B0CED8000F2AB30 /* GraphicObject3D.h */,
				AA17E9F62B0CED3E00F2AB30 /* common.h */,
				AA17E9F32B0CECEC00F2AB30 /* Quad3D.h */,
				AA17EA012B0CF1A700F2AB30 /* House3D.h */,
			);
			path = Headers;
			sourceTree = "<group>";
		};
/* End PBXGroup section */

/* Begin PBXNativeTarget section */
		AA17E9DD2B0CEC3900F2AB30 /* hw4 */ = {
			isa = PBXNativeTarget;
			buildConfigurationList = AA17E9E52B0CEC3900F2AB30 /* Build configuration list for PBXNativeTarget "hw4" */;
			buildPhases = (
				AA17E9DA2B0CEC3900F2AB30 /* Sources */,
				AA17E9DB2B0CEC3900F2AB30 /* Frameworks */,
				AA17E9DC2B0CEC3900F2AB30 /* CopyFiles */,
			);
			buildRules = (
			);
			dependencies = (
			);
			name = hw4;
			productName = hw4;
			productReference = AA17E9DE2B0CEC3900F2AB30 /* hw4 */;
			productType = "com.apple.product-type.tool";
		};
/* End PBXNativeTarget section */

/* Begin PBXProject section */
		AA17E9D62B0CEC3900F2AB30 /* Project object */ = {
			isa = PBXProject;
			attributes = {
				BuildIndependentTargetsInParallel = 1;
				LastUpgradeCheck = 1430;
				TargetAttributes = {
					AA17E9DD2B0CEC3900F2AB30 = {
						CreatedOnToolsVersion = 14.3.1;
					};
				};
			};
			buildConfigurationList = AA17E9D92B0CEC3900F2AB30 /* Build configuration list for PBXProject "hw4" */;
			compatibilityVersion = "Xcode 14.0";
			developmentRegion = en;
			hasScannedForEncodings = 0;
			knownRegions = (
				en,
				Base,
			);
			mainGroup = AA17E9D52B0CEC3900F2AB30;
			productRefGroup = AA17E9DF2B0CEC3900F2AB30 /* Products */;
			projectDirPath = "";
			projectRoot = "";
			targets = (
				AA17E9DD2B0CEC3900F2AB30 /* hw4 */,
			);
		};
/* End PBXProject section */

/* Begin PBXSourcesBuildPhase section */
		AA17E9DA2B0CEC3900F2AB30 /* Sources */ = {
			isa = PBXSourcesBuildPhase;
			buildActionMask = 2147483647;
			files = (
				AA17E9F82B0CED7500F2AB30 /* GraphicObject3D.cpp in Sources */,
				AA17E9FF2B0CEE2100F2AB30 /* drawingUtilities.cpp in Sources */,
				AA17E9F12B0CECA500F2AB30 /* QuadMesh3D.cpp in Sources */,
				AA17EA022B0CF1A700F2AB30 /* House3D.cpp in Sources */,
				AA17E9FC2B0CEDA700F2AB30 /* Cylinder3D.cpp in Sources */,
				AA17E9E22B0CEC3900F2AB30 /* main.cpp in Sources */,
				AA17E9F42B0CECEC00F2AB30 /* Quad3D.cpp in Sources */,
			);
			runOnlyForDeploymentPostprocessing = 0;
		};
/* End PBXSourcesBuildPhase section */

/* Begin XCBuildConfiguration section */
		AA17E9E32B0CEC3900F2AB30 /* Debug */ = {
			isa = XCBuildConfiguration;
			buildSettings = {
				ALWAYS_SEARCH_USER_PATHS = NO;
				CLANG_ANALYZER_NONNULL = YES;
				CLANG_ANALYZER_NUMBER_OBJECT_CONVERSION = YES_AGGRESSIVE;
				CLANG_CXX_LANGUAGE_STANDARD = "gnu++20";
				CLANG_ENABLE_MODULES = YES;
				CLANG_ENABLE_OBJC_ARC = YES;
				CLANG_ENABLE_OBJC_WEAK = YES;
				CLANG_WARN_BLOCK_CAPTURE_AUTORELEASING = YES;
				CLANG_WARN_BOOL_CONVERSION = YES;
				CLANG_WARN_COMMA = YES;
				CLANG_WARN_CONSTANT_CONVERSION = YES;
				CLANG_WARN_DEPRECATED_OBJC_IMPLEMENTATIONS = YES;
				CLANG_WARN_DIRECT_OBJC_ISA_USAGE = YES_ERROR;
				CLANG_WARN_DOCUMENTATION_COMMENTS = YES;
				CLANG_WARN_EMPTY_BODY = YES;
				CLANG_WARN_ENUM_CONVERSION = YES;
				CLANG_WARN_INFINITE_RECURSION = YES;
				CLANG_WARN_INT_CONVERSION = YES;
				CLANG_WARN_NON_LITERAL_NULL_CONVERSION = YES;
				CLANG_WARN_OBJC_IMPLICIT_RETAIN_SELF = YES;
				CLANG_WARN_OBJC_LITERAL_CONVERSION = YES;
				CLANG_WARN_OBJC_ROOT_CLASS = YES_ERROR;
				CLANG_WARN_QUOTED_INCLUDE_IN_FRAMEWORK_HEADER = YES;
				CLANG_WARN_RANGE_LOOP_ANALYSIS = YES;
				CLANG_WARN_STRICT_PROTOTYPES = YES;
				CLANG_WARN_SUSPICIOUS_MOVE = YES;
				CLANG_WARN_UNGUARDED_AVAILABILITY = YES_AGGRESSIVE;
				CLANG_WARN_UNREACHABLE_CODE = YES;
				CLANG_WARN__DUPLICATE_METHOD_MATCH = YES;
				COPY_PHASE_STRIP = NO;
				DEBUG_INFORMATION_FORMAT = dwarf;
				ENABLE_STRICT_OBJC_MSGSEND = YES;
				ENABLE_TESTABILITY = YES;
				GCC_C_LANGUAGE_STANDARD = gnu11;
				GCC_DYNAMIC_NO_PIC = NO;
				GCC_NO_COMMON_BLOCKS = YES;
				GCC_OPTIMIZATION_LEVEL = 0;
				GCC_PREPROCESSOR_DEFINITIONS = (
					"DEBUG=1",
					"$(inherited)",
				);
				GCC_WARN_64_TO_32_BIT_CONVERSION = YES;
				GCC_WARN_ABOUT_RETURN_TYPE = YES_ERROR;
				GCC_WARN_UNDECLARED_SELECTOR = YES;
				GCC_WARN_UNINITIALIZED_AUTOS = YES_AGGRESSIVE;
				GCC_WARN_UNUSED_FUNCTION = YES;
				GCC_WARN_UNUSED_VARIABLE = YES;
				MACOSX_DEPLOYMENT_TARGET = 13.3;
				MTL_ENABLE_DEBUG_INFO = INCLUDE_SOURCE;
				MTL_FAST_MATH = YES;
				ONLY_ACTIVE_ARCH = YES;
				SDKROOT = macosx;
			};
			name = Debug;
		};
		AA17E9E42B0CEC3900F2AB30 /* Release */ = {
			isa = XCBuildConfiguration;
			buildSettings = {
				ALWAYS_SEARCH_USER_PATHS = NO;
				CLANG_ANALYZER_NONNULL = YES;
				CLANG_ANALYZER_NUMBER_OBJECT_CONVERSION = YES_AGGRESSIVE;
				CLANG_CXX_LANGUAGE_STANDARD = "gnu++20";
				CLANG_ENABLE_MODULES = YES;
				CLANG_ENABLE_OBJC_ARC = YES;
				CLANG_ENABLE_OBJC_WEAK = YES;
				CLANG_WARN_BLOCK_CAPTURE_AUTORELEASING = YES;
				CLANG_WARN_BOOL_CONVERSION = YES;
				CLANG_WARN_COMMA = YES;
				CLANG_WARN_CONSTANT_CONVERSION = YES;
				CLANG_WARN_DEPRECATED_OBJC_IMPLEMENTATIONS = YES;
				CLANG_WARN_DIRECT_OBJC_ISA_USAGE = YES_ERROR;
				CLANG_WARN_DOCUMENTATION_COMMENTS = YES;
				CLANG_WARN_EMPTY_BODY = YES;
				CLANG_WARN_ENUM_CONVERSION = YES;
				CLANG_WARN_INFINITE_RECURSION = YES;
				CLANG_WARN_INT_CONVERSION = YES;
				CLANG_WARN_NON_LITERAL_NULL_CONVERSION = YES;
				CLANG_WARN_OBJC_IMPLICIT_RETAIN_SELF = YES;
				CLANG_WARN_OBJC_LITERAL_CONVERSION = YES;
				CLANG_WARN_OBJC_ROOT_CLASS = YES_ERROR;
				CLANG_WARN_QUOTED_INCLUDE_IN_FRAMEWORK_HEADER = YES;
				CLANG_WARN_RANGE_LOOP_ANALYSIS = YES;
				CLANG_WARN_STRICT_PROTOTYPES = YES;
				CLANG_WARN_SUSPICIOUS_MOVE = YES;
				CLANG_WARN_UNGUARDED_AVAILABILITY = YES_AGGRESSIVE;
				CLANG_WARN_UNREACHABLE_CODE = YES;
				CLANG_WARN__DUPLICATE_METHOD_MATCH = YES;
				COPY_PHASE_STRIP = NO;
				DEBUG_INFORMATION_FORMAT = "dwarf-with-dsym";
				ENABLE_NS_ASSERTIONS = NO;
				ENABLE_STRICT_OBJC_MSGSEND = YES;
				GCC_C_LANGUAGE_STANDARD = gnu11;
				GCC_NO_COMMON_BLOCKS = YES;
				GCC_WARN_64_TO_32_BIT_CONVERSION = YES;
				GCC_WARN_ABOUT_RETURN_TYPE = YES_ERROR;
				GCC_WARN_UNDECLARED_SELECTOR = YES;
				GCC_WARN_UNINITIALIZED_AUTOS = YES_AGGRESSIVE;
				GCC_WARN_UNUSED_FUNCTION = YES;
				GCC_WARN_UNUSED_VARIABLE = YES;
				MACOSX_DEPLOYMENT_TARGET = 13.3;
				MTL_ENABLE_DEBUG_INFO = NO;
				MTL_FAST_MATH = YES;
				SDKROOT = macosx;
			};
			name = Release;
		};
		AA17E9E62B0CEC3900F2AB30 /* Debug */ = {
			isa = XCBuildConfiguration;
			buildSettings = {
				CODE_SIGN_STYLE = Automatic;
				DEVELOPMENT_TEAM = 926B47NP6S;
				ENABLE_HARDENED_RUNTIME = YES;
				PRODUCT_NAME = "$(TARGET_NAME)";
			};
			name = Debug;
		};
		AA17E9E72B0CEC3900F2AB30 /* Release */ = {
			isa = XCBuildConfiguration;
			buildSettings = {
				CODE_SIGN_STYLE = Automatic;
				DEVELOPMENT_TEAM = 926B47NP6S;
				ENABLE_HARDENED_RUNTIME = YES;
				PRODUCT_NAME = "$(TARGET_NAME)";
			};
			name = Release;
		};
/* End XCBuildConfiguration section */

/* Begin XCConfigurationList section */
		AA17E9D92B0CEC3900F2AB30 /* Build configuration list for PBXProject "hw4" */ = {
			isa = XCConfigurationList;
			buildConfigurations = (
				AA17E9E32B0CEC3900F2AB30 /* Debug */,
				AA17E9E42B0CEC3900F2AB30 /* Release */,
			);
			defaultConfigurationIsVisible = 0;
			defaultConfigurationName = Release;
		};
		AA17E9E52B0CEC3900F2AB30 /* Build configuration list for PBXNativeTarget "hw4" */ = {
			isa = XCConfigurationList;
			buildConfigurations = (
				AA17E9E62B0CEC3900F2AB30 /* Debug */,
				AA17E9E72B0CEC3900F2AB30 /* Release */,
			);
			defaultConfigurationIsVisible = 0;
			defaultConfigurationName = Release;
		};
/* End XCConfigurationList section */
	};
	rootObject = AA17E9D62B0CEC3900F2AB30 /* Project object */;
}
