// !$*UTF8*$!
{
	archiveVersion = 1;
	classes = {
	};
	objectVersion = 56;
	objects = {

/* Begin PBXBuildFile section */
		AA06B8392AF7F8F8002D8DC8 /* LivesDisplay.cpp in Sources */ = {isa = PBXBuildFile; fileRef = AA06B8372AF7F8F8002D8DC8 /* LivesDisplay.cpp */; };
		AA2D238C2AE9444B00FE4A11 /* Object.cpp in Sources */ = {isa = PBXBuildFile; fileRef = AA2D23732AE9444B00FE4A11 /* Object.cpp */; };
		AA2D238D2AE9444B00FE4A11 /* GraphicObject.cpp in Sources */ = {isa = PBXBuildFile; fileRef = AA2D23762AE9444B00FE4A11 /* GraphicObject.cpp */; };
		AA2D238E2AE9444B00FE4A11 /* AnimatedObject.cpp in Sources */ = {isa = PBXBuildFile; fileRef = AA2D23772AE9444B00FE4A11 /* AnimatedObject.cpp */; };
		AA2D23902AE9444B00FE4A11 /* main.cpp in Sources */ = {isa = PBXBuildFile; fileRef = AA2D23802AE9444B00FE4A11 /* main.cpp */; };
		AA2D23932AE9444B00FE4A11 /* AbsBoundingBox.cpp in Sources */ = {isa = PBXBuildFile; fileRef = AA2D23832AE9444B00FE4A11 /* AbsBoundingBox.cpp */; };
		AA2D23952AE9444B00FE4A11 /* ComplexGraphicObject.cpp in Sources */ = {isa = PBXBuildFile; fileRef = AA2D23882AE9444B00FE4A11 /* ComplexGraphicObject.cpp */; };
		AA2D23972AE9444B00FE4A11 /* World.cpp in Sources */ = {isa = PBXBuildFile; fileRef = AA2D238A2AE9444B00FE4A11 /* World.cpp */; };
		AA889C502AF1DB3F00081525 /* Healthbar.cpp in Sources */ = {isa = PBXBuildFile; fileRef = AA889C4E2AF1DB3F00081525 /* Healthbar.cpp */; };
		AAC32B812AE010B600CB5A41 /* GLUT.framework in Frameworks */ = {isa = PBXBuildFile; fileRef = AAC32B802AE010B600CB5A41 /* GLUT.framework */; };
		AAC32B832AE010BD00CB5A41 /* OpenGL.framework in Frameworks */ = {isa = PBXBuildFile; fileRef = AAC32B822AE010BD00CB5A41 /* OpenGL.framework */; };
		AAD784A72AE944EF00ACA918 /* Asteroid.cpp in Sources */ = {isa = PBXBuildFile; fileRef = AAD784A52AE944EF00ACA918 /* Asteroid.cpp */; };
		AAD784AA2AE95B8000ACA918 /* Spaceship.cpp in Sources */ = {isa = PBXBuildFile; fileRef = AAD784A82AE95B8000ACA918 /* Spaceship.cpp */; };
		AAEF4F132AEC323E00140F64 /* Bullet.cpp in Sources */ = {isa = PBXBuildFile; fileRef = AAEF4F112AEC323E00140F64 /* Bullet.cpp */; };
		AAFA3F702AF291D400CBE0C5 /* RelBoundingBox.cpp in Sources */ = {isa = PBXBuildFile; fileRef = AAFA3F6E2AF291D400CBE0C5 /* RelBoundingBox.cpp */; };
/* End PBXBuildFile section */

/* Begin PBXCopyFilesBuildPhase section */
		AAC32B732AE00FF400CB5A41 /* CopyFiles */ = {
			isa = PBXCopyFilesBuildPhase;
			buildActionMask = 2147483647;
			dstPath = /usr/share/man/man1/;
			dstSubfolderSpec = 0;
			files = (
			);
			runOnlyForDeploymentPostprocessing = 1;
		};
/* End PBXCopyFilesBuildPhase section */

/* Begin PBXFileReference section */
		AA06B8372AF7F8F8002D8DC8 /* LivesDisplay.cpp */ = {isa = PBXFileReference; lastKnownFileType = sourcecode.cpp.cpp; path = LivesDisplay.cpp; sourceTree = "<group>"; };
		AA06B8382AF7F8F8002D8DC8 /* LivesDisplay.hpp */ = {isa = PBXFileReference; lastKnownFileType = sourcecode.cpp.h; path = LivesDisplay.hpp; sourceTree = "<group>"; };
		AA2D23732AE9444B00FE4A11 /* Object.cpp */ = {isa = PBXFileReference; fileEncoding = 4; lastKnownFileType = sourcecode.cpp.cpp; path = Object.cpp; sourceTree = "<group>"; };
		AA2D23742AE9444B00FE4A11 /* ComplexGraphicObject.h */ = {isa = PBXFileReference; fileEncoding = 4; lastKnownFileType = sourcecode.c.h; path = ComplexGraphicObject.h; sourceTree = "<group>"; };
		AA2D23762AE9444B00FE4A11 /* GraphicObject.cpp */ = {isa = PBXFileReference; fileEncoding = 4; lastKnownFileType = sourcecode.cpp.cpp; path = GraphicObject.cpp; sourceTree = "<group>"; };
		AA2D23772AE9444B00FE4A11 /* AnimatedObject.cpp */ = {isa = PBXFileReference; fileEncoding = 4; lastKnownFileType = sourcecode.cpp.cpp; path = AnimatedObject.cpp; sourceTree = "<group>"; };
		AA2D23782AE9444B00FE4A11 /* GraphicObject.h */ = {isa = PBXFileReference; fileEncoding = 4; lastKnownFileType = sourcecode.c.h; path = GraphicObject.h; sourceTree = "<group>"; };
		AA2D237A2AE9444B00FE4A11 /* commonTypes.h */ = {isa = PBXFileReference; fileEncoding = 4; lastKnownFileType = sourcecode.c.h; path = commonTypes.h; sourceTree = "<group>"; };
		AA2D237B2AE9444B00FE4A11 /* Object.h */ = {isa = PBXFileReference; fileEncoding = 4; lastKnownFileType = sourcecode.c.h; path = Object.h; sourceTree = "<group>"; };
		AA2D237D2AE9444B00FE4A11 /* AbsBoundingBox.h */ = {isa = PBXFileReference; fileEncoding = 4; lastKnownFileType = sourcecode.c.h; path = AbsBoundingBox.h; sourceTree = "<group>"; };
		AA2D237E2AE9444B00FE4A11 /* AnimatedObject.h */ = {isa = PBXFileReference; fileEncoding = 4; lastKnownFileType = sourcecode.c.h; path = AnimatedObject.h; sourceTree = "<group>"; };
		AA2D23802AE9444B00FE4A11 /* main.cpp */ = {isa = PBXFileReference; fileEncoding = 4; lastKnownFileType = sourcecode.cpp.cpp; path = main.cpp; sourceTree = "<group>"; };
		AA2D23832AE9444B00FE4A11 /* AbsBoundingBox.cpp */ = {isa = PBXFileReference; fileEncoding = 4; lastKnownFileType = sourcecode.cpp.cpp; path = AbsBoundingBox.cpp; sourceTree = "<group>"; };
		AA2D23852AE9444B00FE4A11 /* World.h */ = {isa = PBXFileReference; fileEncoding = 4; lastKnownFileType = sourcecode.c.h; path = World.h; sourceTree = "<group>"; };
		AA2D23862AE9444B00FE4A11 /* glPlatform.h */ = {isa = PBXFileReference; fileEncoding = 4; lastKnownFileType = sourcecode.c.h; path = glPlatform.h; sourceTree = "<group>"; };
		AA2D23882AE9444B00FE4A11 /* ComplexGraphicObject.cpp */ = {isa = PBXFileReference; fileEncoding = 4; lastKnownFileType = sourcecode.cpp.cpp; path = ComplexGraphicObject.cpp; sourceTree = "<group>"; };
		AA2D238A2AE9444B00FE4A11 /* World.cpp */ = {isa = PBXFileReference; fileEncoding = 4; lastKnownFileType = sourcecode.cpp.cpp; path = World.cpp; sourceTree = "<group>"; };
		AA889C4E2AF1DB3F00081525 /* Healthbar.cpp */ = {isa = PBXFileReference; lastKnownFileType = sourcecode.cpp.cpp; path = Healthbar.cpp; sourceTree = "<group>"; };
		AA889C4F2AF1DB3F00081525 /* Healthbar.hpp */ = {isa = PBXFileReference; lastKnownFileType = sourcecode.cpp.h; path = Healthbar.hpp; sourceTree = "<group>"; };
		AAC32B752AE00FF400CB5A41 /* hw3 */ = {isa = PBXFileReference; explicitFileType = "compiled.mach-o.executable"; includeInIndex = 0; path = hw3; sourceTree = BUILT_PRODUCTS_DIR; };
		AAC32B802AE010B600CB5A41 /* GLUT.framework */ = {isa = PBXFileReference; lastKnownFileType = wrapper.framework; name = GLUT.framework; path = System/Library/Frameworks/GLUT.framework; sourceTree = SDKROOT; };
		AAC32B822AE010BD00CB5A41 /* OpenGL.framework */ = {isa = PBXFileReference; lastKnownFileType = wrapper.framework; name = OpenGL.framework; path = System/Library/Frameworks/OpenGL.framework; sourceTree = SDKROOT; };
		AAD784A52AE944EF00ACA918 /* Asteroid.cpp */ = {isa = PBXFileReference; lastKnownFileType = sourcecode.cpp.cpp; path = Asteroid.cpp; sourceTree = "<group>"; };
		AAD784A62AE944EF00ACA918 /* Asteroid.hpp */ = {isa = PBXFileReference; lastKnownFileType = sourcecode.cpp.h; path = Asteroid.hpp; sourceTree = "<group>"; };
		AAD784A82AE95B8000ACA918 /* Spaceship.cpp */ = {isa = PBXFileReference; lastKnownFileType = sourcecode.cpp.cpp; path = Spaceship.cpp; sourceTree = "<group>"; };
		AAD784A92AE95B8000ACA918 /* Spaceship.hpp */ = {isa = PBXFileReference; lastKnownFileType = sourcecode.cpp.h; path = Spaceship.hpp; sourceTree = "<group>"; };
		AAEF4F112AEC323E00140F64 /* Bullet.cpp */ = {isa = PBXFileReference; lastKnownFileType = sourcecode.cpp.cpp; path = Bullet.cpp; sourceTree = "<group>"; };
		AAEF4F122AEC323E00140F64 /* Bullet.hpp */ = {isa = PBXFileReference; lastKnownFileType = sourcecode.cpp.h; path = Bullet.hpp; sourceTree = "<group>"; };
		AAFA3F6E2AF291D400CBE0C5 /* RelBoundingBox.cpp */ = {isa = PBXFileReference; lastKnownFileType = sourcecode.cpp.cpp; path = RelBoundingBox.cpp; sourceTree = "<group>"; };
		AAFA3F6F2AF291D400CBE0C5 /* RelBoundingBox.hpp */ = {isa = PBXFileReference; lastKnownFileType = sourcecode.cpp.h; path = RelBoundingBox.hpp; sourceTree = "<group>"; };
/* End PBXFileReference section */

/* Begin PBXFrameworksBuildPhase section */
		AAC32B722AE00FF400CB5A41 /* Frameworks */ = {
			isa = PBXFrameworksBuildPhase;
			buildActionMask = 2147483647;
			files = (
				AAC32B812AE010B600CB5A41 /* GLUT.framework in Frameworks */,
				AAC32B832AE010BD00CB5A41 /* OpenGL.framework in Frameworks */,
			);
			runOnlyForDeploymentPostprocessing = 0;
		};
/* End PBXFrameworksBuildPhase section */

/* Begin PBXGroup section */
		AA968D672AFD4CEA006F5394 /* Headers */ = {
			isa = PBXGroup;
			children = (
				AA2D23742AE9444B00FE4A11 /* ComplexGraphicObject.h */,
				AA2D23862AE9444B00FE4A11 /* glPlatform.h */,
				AA2D23782AE9444B00FE4A11 /* GraphicObject.h */,
				AA2D237B2AE9444B00FE4A11 /* Object.h */,
				AAD784A62AE944EF00ACA918 /* Asteroid.hpp */,
				AAD784A92AE95B8000ACA918 /* Spaceship.hpp */,
				AA06B8382AF7F8F8002D8DC8 /* LivesDisplay.hpp */,
				AA889C4F2AF1DB3F00081525 /* Healthbar.hpp */,
				AA2D23852AE9444B00FE4A11 /* World.h */,
				AAFA3F6F2AF291D400CBE0C5 /* RelBoundingBox.hpp */,
				AAEF4F122AEC323E00140F64 /* Bullet.hpp */,
				AA2D237A2AE9444B00FE4A11 /* commonTypes.h */,
				AA2D237D2AE9444B00FE4A11 /* AbsBoundingBox.h */,
				AA2D237E2AE9444B00FE4A11 /* AnimatedObject.h */,
			);
			path = Headers;
			sourceTree = "<group>";
		};
		AA968D682AFD4D4A006F5394 /* Source */ = {
			isa = PBXGroup;
			children = (
				AA06B8372AF7F8F8002D8DC8 /* LivesDisplay.cpp */,
				AA889C4E2AF1DB3F00081525 /* Healthbar.cpp */,
				AA2D23832AE9444B00FE4A11 /* AbsBoundingBox.cpp */,
				AAD784A82AE95B8000ACA918 /* Spaceship.cpp */,
				AA2D23882AE9444B00FE4A11 /* ComplexGraphicObject.cpp */,
				AAD784A52AE944EF00ACA918 /* Asteroid.cpp */,
				AA2D238A2AE9444B00FE4A11 /* World.cpp */,
				AAEF4F112AEC323E00140F64 /* Bullet.cpp */,
				AAFA3F6E2AF291D400CBE0C5 /* RelBoundingBox.cpp */,
				AA2D23762AE9444B00FE4A11 /* GraphicObject.cpp */,
				AA2D23732AE9444B00FE4A11 /* Object.cpp */,
				AA2D23772AE9444B00FE4A11 /* AnimatedObject.cpp */,
			);
			path = Source;
			sourceTree = "<group>";
		};
		AAC32B6C2AE00FF400CB5A41 = {
			isa = PBXGroup;
			children = (
				AAC32B772AE00FF400CB5A41 /* hw3 */,
				AAC32B762AE00FF400CB5A41 /* Products */,
				AAC32B7F2AE010B600CB5A41 /* Frameworks */,
			);
			sourceTree = "<group>";
		};
		AAC32B762AE00FF400CB5A41 /* Products */ = {
			isa = PBXGroup;
			children = (
				AAC32B752AE00FF400CB5A41 /* hw3 */,
			);
			name = Products;
			sourceTree = "<group>";
		};
		AAC32B772AE00FF400CB5A41 /* hw3 */ = {
			isa = PBXGroup;
			children = (
				AA2D23802AE9444B00FE4A11 /* main.cpp */,
				AA968D682AFD4D4A006F5394 /* Source */,
				AA968D672AFD4CEA006F5394 /* Headers */,
			);
			path = hw3;
			sourceTree = "<group>";
		};
		AAC32B7F2AE010B600CB5A41 /* Frameworks */ = {
			isa = PBXGroup;
			children = (
				AAC32B822AE010BD00CB5A41 /* OpenGL.framework */,
				AAC32B802AE010B600CB5A41 /* GLUT.framework */,
			);
			name = Frameworks;
			sourceTree = "<group>";
		};
/* End PBXGroup section */

/* Begin PBXNativeTarget section */
		AAC32B742AE00FF400CB5A41 /* hw3 */ = {
			isa = PBXNativeTarget;
			buildConfigurationList = AAC32B7C2AE00FF400CB5A41 /* Build configuration list for PBXNativeTarget "hw3" */;
			buildPhases = (
				AAC32B712AE00FF400CB5A41 /* Sources */,
				AAC32B722AE00FF400CB5A41 /* Frameworks */,
				AAC32B732AE00FF400CB5A41 /* CopyFiles */,
			);
			buildRules = (
			);
			dependencies = (
			);
			name = hw3;
			productName = hw3;
			productReference = AAC32B752AE00FF400CB5A41 /* hw3 */;
			productType = "com.apple.product-type.tool";
		};
/* End PBXNativeTarget section */

/* Begin PBXProject section */
		AAC32B6D2AE00FF400CB5A41 /* Project object */ = {
			isa = PBXProject;
			attributes = {
				BuildIndependentTargetsInParallel = 1;
				LastUpgradeCheck = 1430;
				TargetAttributes = {
					AAC32B742AE00FF400CB5A41 = {
						CreatedOnToolsVersion = 14.3.1;
					};
				};
			};
			buildConfigurationList = AAC32B702AE00FF400CB5A41 /* Build configuration list for PBXProject "hw3" */;
			compatibilityVersion = "Xcode 14.0";
			developmentRegion = en;
			hasScannedForEncodings = 0;
			knownRegions = (
				en,
				Base,
			);
			mainGroup = AAC32B6C2AE00FF400CB5A41;
			productRefGroup = AAC32B762AE00FF400CB5A41 /* Products */;
			projectDirPath = "";
			projectRoot = "";
			targets = (
				AAC32B742AE00FF400CB5A41 /* hw3 */,
			);
		};
/* End PBXProject section */

/* Begin PBXSourcesBuildPhase section */
		AAC32B712AE00FF400CB5A41 /* Sources */ = {
			isa = PBXSourcesBuildPhase;
			buildActionMask = 2147483647;
			files = (
				AA2D238C2AE9444B00FE4A11 /* Object.cpp in Sources */,
				AAEF4F132AEC323E00140F64 /* Bullet.cpp in Sources */,
				AA2D23972AE9444B00FE4A11 /* World.cpp in Sources */,
				AA2D23952AE9444B00FE4A11 /* ComplexGraphicObject.cpp in Sources */,
				AAFA3F702AF291D400CBE0C5 /* RelBoundingBox.cpp in Sources */,
				AA2D23932AE9444B00FE4A11 /* AbsBoundingBox.cpp in Sources */,
				AA06B8392AF7F8F8002D8DC8 /* LivesDisplay.cpp in Sources */,
				AA2D238E2AE9444B00FE4A11 /* AnimatedObject.cpp in Sources */,
				AA2D23902AE9444B00FE4A11 /* main.cpp in Sources */,
				AA2D238D2AE9444B00FE4A11 /* GraphicObject.cpp in Sources */,
				AAD784A72AE944EF00ACA918 /* Asteroid.cpp in Sources */,
				AAD784AA2AE95B8000ACA918 /* Spaceship.cpp in Sources */,
				AA889C502AF1DB3F00081525 /* Healthbar.cpp in Sources */,
			);
			runOnlyForDeploymentPostprocessing = 0;
		};
/* End PBXSourcesBuildPhase section */

/* Begin XCBuildConfiguration section */
		AAC32B7A2AE00FF400CB5A41 /* Debug */ = {
			isa = XCBuildConfiguration;
			buildSettings = {
				ALWAYS_SEARCH_USER_PATHS = NO;
				CLANG_ANALYZER_NONNULL = YES;
				CLANG_ANALYZER_NUMBER_OBJECT_CONVERSION = YES_AGGRESSIVE;
				CLANG_CXX_LANGUAGE_STANDARD = "gnu++20";
				CLANG_ENABLE_MODULES = YES;
				CLANG_ENABLE_OBJC_ARC = YES;
				CLANG_ENABLE_OBJC_WEAK = YES;
				CLANG_WARN_BLOCK_CAPTURE_AUTORELEASING = YES;
				CLANG_WARN_BOOL_CONVERSION = YES;
				CLANG_WARN_COMMA = YES;
				CLANG_WARN_CONSTANT_CONVERSION = YES;
				CLANG_WARN_DEPRECATED_OBJC_IMPLEMENTATIONS = YES;
				CLANG_WARN_DIRECT_OBJC_ISA_USAGE = YES_ERROR;
				CLANG_WARN_DOCUMENTATION_COMMENTS = YES;
				CLANG_WARN_EMPTY_BODY = YES;
				CLANG_WARN_ENUM_CONVERSION = YES;
				CLANG_WARN_INFINITE_RECURSION = YES;
				CLANG_WARN_INT_CONVERSION = YES;
				CLANG_WARN_NON_LITERAL_NULL_CONVERSION = YES;
				CLANG_WARN_OBJC_IMPLICIT_RETAIN_SELF = YES;
				CLANG_WARN_OBJC_LITERAL_CONVERSION = YES;
				CLANG_WARN_OBJC_ROOT_CLASS = YES_ERROR;
				CLANG_WARN_QUOTED_INCLUDE_IN_FRAMEWORK_HEADER = YES;
				CLANG_WARN_RANGE_LOOP_ANALYSIS = YES;
				CLANG_WARN_STRICT_PROTOTYPES = YES;
				CLANG_WARN_SUSPICIOUS_MOVE = YES;
				CLANG_WARN_UNGUARDED_AVAILABILITY = YES_AGGRESSIVE;
				CLANG_WARN_UNREACHABLE_CODE = YES;
				CLANG_WARN__DUPLICATE_METHOD_MATCH = YES;
				COPY_PHASE_STRIP = NO;
				DEBUG_INFORMATION_FORMAT = dwarf;
				ENABLE_STRICT_OBJC_MSGSEND = YES;
				ENABLE_TESTABILITY = YES;
				GCC_C_LANGUAGE_STANDARD = gnu11;
				GCC_DYNAMIC_NO_PIC = NO;
				GCC_NO_COMMON_BLOCKS = YES;
				GCC_OPTIMIZATION_LEVEL = 0;
				GCC_PREPROCESSOR_DEFINITIONS = (
					"DEBUG=1",
					"$(inherited)",
				);
				GCC_WARN_64_TO_32_BIT_CONVERSION = YES;
				GCC_WARN_ABOUT_RETURN_TYPE = YES_ERROR;
				GCC_WARN_UNDECLARED_SELECTOR = YES;
				GCC_WARN_UNINITIALIZED_AUTOS = YES_AGGRESSIVE;
				GCC_WARN_UNUSED_FUNCTION = YES;
				GCC_WARN_UNUSED_VARIABLE = YES;
				MACOSX_DEPLOYMENT_TARGET = 13.3;
				MTL_ENABLE_DEBUG_INFO = INCLUDE_SOURCE;
				MTL_FAST_MATH = YES;
				ONLY_ACTIVE_ARCH = YES;
				SDKROOT = macosx;
			};
			name = Debug;
		};
		AAC32B7B2AE00FF400CB5A41 /* Release */ = {
			isa = XCBuildConfiguration;
			buildSettings = {
				ALWAYS_SEARCH_USER_PATHS = NO;
				CLANG_ANALYZER_NONNULL = YES;
				CLANG_ANALYZER_NUMBER_OBJECT_CONVERSION = YES_AGGRESSIVE;
				CLANG_CXX_LANGUAGE_STANDARD = "gnu++20";
				CLANG_ENABLE_MODULES = YES;
				CLANG_ENABLE_OBJC_ARC = YES;
				CLANG_ENABLE_OBJC_WEAK = YES;
				CLANG_WARN_BLOCK_CAPTURE_AUTORELEASING = YES;
				CLANG_WARN_BOOL_CONVERSION = YES;
				CLANG_WARN_COMMA = YES;
				CLANG_WARN_CONSTANT_CONVERSION = YES;
				CLANG_WARN_DEPRECATED_OBJC_IMPLEMENTATIONS = YES;
				CLANG_WARN_DIRECT_OBJC_ISA_USAGE = YES_ERROR;
				CLANG_WARN_DOCUMENTATION_COMMENTS = YES;
				CLANG_WARN_EMPTY_BODY = YES;
				CLANG_WARN_ENUM_CONVERSION = YES;
				CLANG_WARN_INFINITE_RECURSION = YES;
				CLANG_WARN_INT_CONVERSION = YES;
				CLANG_WARN_NON_LITERAL_NULL_CONVERSION = YES;
				CLANG_WARN_OBJC_IMPLICIT_RETAIN_SELF = YES;
				CLANG_WARN_OBJC_LITERAL_CONVERSION = YES;
				CLANG_WARN_OBJC_ROOT_CLASS = YES_ERROR;
				CLANG_WARN_QUOTED_INCLUDE_IN_FRAMEWORK_HEADER = YES;
				CLANG_WARN_RANGE_LOOP_ANALYSIS = YES;
				CLANG_WARN_STRICT_PROTOTYPES = YES;
				CLANG_WARN_SUSPICIOUS_MOVE = YES;
				CLANG_WARN_UNGUARDED_AVAILABILITY = YES_AGGRESSIVE;
				CLANG_WARN_UNREACHABLE_CODE = YES;
				CLANG_WARN__DUPLICATE_METHOD_MATCH = YES;
				COPY_PHASE_STRIP = NO;
				DEBUG_INFORMATION_FORMAT = "dwarf-with-dsym";
				ENABLE_NS_ASSERTIONS = NO;
				ENABLE_STRICT_OBJC_MSGSEND = YES;
				GCC_C_LANGUAGE_STANDARD = gnu11;
				GCC_NO_COMMON_BLOCKS = YES;
				GCC_WARN_64_TO_32_BIT_CONVERSION = YES;
				GCC_WARN_ABOUT_RETURN_TYPE = YES_ERROR;
				GCC_WARN_UNDECLARED_SELECTOR = YES;
				GCC_WARN_UNINITIALIZED_AUTOS = YES_AGGRESSIVE;
				GCC_WARN_UNUSED_FUNCTION = YES;
				GCC_WARN_UNUSED_VARIABLE = YES;
				MACOSX_DEPLOYMENT_TARGET = 13.3;
				MTL_ENABLE_DEBUG_INFO = NO;
				MTL_FAST_MATH = YES;
				SDKROOT = macosx;
			};
			name = Release;
		};
		AAC32B7D2AE00FF400CB5A41 /* Debug */ = {
			isa = XCBuildConfiguration;
			buildSettings = {
				CODE_SIGN_STYLE = Automatic;
				DEVELOPMENT_TEAM = 926B47NP6S;
				ENABLE_HARDENED_RUNTIME = YES;
				PRODUCT_NAME = "$(TARGET_NAME)";
			};
			name = Debug;
		};
		AAC32B7E2AE00FF400CB5A41 /* Release */ = {
			isa = XCBuildConfiguration;
			buildSettings = {
				CODE_SIGN_STYLE = Automatic;
				DEVELOPMENT_TEAM = 926B47NP6S;
				ENABLE_HARDENED_RUNTIME = YES;
				PRODUCT_NAME = "$(TARGET_NAME)";
			};
			name = Release;
		};
/* End XCBuildConfiguration section */

/* Begin XCConfigurationList section */
		AAC32B702AE00FF400CB5A41 /* Build configuration list for PBXProject "hw3" */ = {
			isa = XCConfigurationList;
			buildConfigurations = (
				AAC32B7A2AE00FF400CB5A41 /* Debug */,
				AAC32B7B2AE00FF400CB5A41 /* Release */,
			);
			defaultConfigurationIsVisible = 0;
			defaultConfigurationName = Release;
		};
		AAC32B7C2AE00FF400CB5A41 /* Build configuration list for PBXNativeTarget "hw3" */ = {
			isa = XCConfigurationList;
			buildConfigurations = (
				AAC32B7D2AE00FF400CB5A41 /* Debug */,
				AAC32B7E2AE00FF400CB5A41 /* Release */,
			);
			defaultConfigurationIsVisible = 0;
			defaultConfigurationName = Release;
		};
/* End XCConfigurationList section */
	};
	rootObject = AAC32B6D2AE00FF400CB5A41 /* Project object */;
}
