// !$*UTF8*$!
{
	archiveVersion = 1;
	classes = {
	};
	objectVersion = 56;
	objects = {

/* Begin PBXBuildFile section */
		1619E18C2ACDCFE800065C2A /* GLUT.framework in Frameworks */ = {isa = PBXBuildFile; fileRef = 1619E18A2ACDCFE800065C2A /* GLUT.framework */; };
		1619E18D2ACDCFE800065C2A /* OpenGL.framework in Frameworks */ = {isa = PBXBuildFile; fileRef = 1619E18B2ACDCFE800065C2A /* OpenGL.framework */; };
		AA532E232AD496970027E3FE /* PolyRect.cpp in Sources */ = {isa = PBXBuildFile; fileRef = AA532E222AD496970027E3FE /* PolyRect.cpp */; };
		AA532E272AD496D20027E3FE /* PolyHalfCircle.cpp in Sources */ = {isa = PBXBuildFile; fileRef = AA532E262AD496D20027E3FE /* PolyHalfCircle.cpp */; };
		AA532E292AD496F30027E3FE /* PolyTriangle.cpp in Sources */ = {isa = PBXBuildFile; fileRef = AA532E282AD496F30027E3FE /* PolyTriangle.cpp */; };
		AA532E2C2AD497490027E3FE /* PolyCircle.cpp in Sources */ = {isa = PBXBuildFile; fileRef = AA532E2B2AD497490027E3FE /* PolyCircle.cpp */; };
		AA532E302AD4A6AC0027E3FE /* PolyWingRight.cpp in Sources */ = {isa = PBXBuildFile; fileRef = AA532E2F2AD4A6AC0027E3FE /* PolyWingRight.cpp */; };
		AA532E322AD4A6C40027E3FE /* PolyWingLeft.cpp in Sources */ = {isa = PBXBuildFile; fileRef = AA532E312AD4A6C40027E3FE /* PolyWingLeft.cpp */; };
		AA532E362AD4A71A0027E3FE /* PolyShape.cpp in Sources */ = {isa = PBXBuildFile; fileRef = AA532E352AD4A71A0027E3FE /* PolyShape.cpp */; };
		AA532E382AD4A7560027E3FE /* Animal.cpp in Sources */ = {isa = PBXBuildFile; fileRef = AA532E372AD4A7560027E3FE /* Animal.cpp */; };
		AA59184E2AD644CF00971540 /* ObjectGroup.cpp in Sources */ = {isa = PBXBuildFile; fileRef = AA59184C2AD644CB00971540 /* ObjectGroup.cpp */; };
		AA99EF6A2AD8D173008340C3 /* EllipseReticle.cpp in Sources */ = {isa = PBXBuildFile; fileRef = AA99EF682AD8D16B008340C3 /* EllipseReticle.cpp */; };
		AABB64FA2AD0C32900EC5BF3 /* main.cpp in Sources */ = {isa = PBXBuildFile; fileRef = AABB64F62AD0C32900EC5BF3 /* main.cpp */; };
		AABB64FB2AD0C32900EC5BF3 /* World.cpp in Sources */ = {isa = PBXBuildFile; fileRef = AABB64F72AD0C32900EC5BF3 /* World.cpp */; };
		AABB64FC2AD0C32900EC5BF3 /* Ellipse.cpp in Sources */ = {isa = PBXBuildFile; fileRef = AABB64F82AD0C32900EC5BF3 /* Ellipse.cpp */; };
		AABB64FD2AD0C32900EC5BF3 /* GraphicObject.cpp in Sources */ = {isa = PBXBuildFile; fileRef = AABB64F92AD0C32900EC5BF3 /* GraphicObject.cpp */; };
/* End PBXBuildFile section */

/* Begin PBXCopyFilesBuildPhase section */
		1619E17D2ACDCFDD00065C2A /* CopyFiles */ = {
			isa = PBXCopyFilesBuildPhase;
			buildActionMask = 2147483647;
			dstPath = /usr/share/man/man1/;
			dstSubfolderSpec = 0;
			files = (
			);
			runOnlyForDeploymentPostprocessing = 1;
		};
/* End PBXCopyFilesBuildPhase section */

/* Begin PBXFileReference section */
		1619E17F2ACDCFDD00065C2A /* hw2 */ = {isa = PBXFileReference; explicitFileType = "compiled.mach-o.executable"; includeInIndex = 0; path = hw2; sourceTree = BUILT_PRODUCTS_DIR; };
		1619E18A2ACDCFE800065C2A /* GLUT.framework */ = {isa = PBXFileReference; lastKnownFileType = wrapper.framework; name = GLUT.framework; path = System/Library/Frameworks/GLUT.framework; sourceTree = SDKROOT; };
		1619E18B2ACDCFE800065C2A /* OpenGL.framework */ = {isa = PBXFileReference; lastKnownFileType = wrapper.framework; name = OpenGL.framework; path = System/Library/Frameworks/OpenGL.framework; sourceTree = SDKROOT; };
		AA532E222AD496970027E3FE /* PolyRect.cpp */ = {isa = PBXFileReference; fileEncoding = 4; lastKnownFileType = sourcecode.cpp.cpp; path = PolyRect.cpp; sourceTree = "<group>"; };
		AA532E242AD4969F0027E3FE /* PolyRect.hpp */ = {isa = PBXFileReference; lastKnownFileType = sourcecode.cpp.h; path = PolyRect.hpp; sourceTree = "<group>"; };
		AA532E252AD496CB0027E3FE /* PolyHalfCircle.hpp */ = {isa = PBXFileReference; lastKnownFileType = sourcecode.cpp.h; path = PolyHalfCircle.hpp; sourceTree = "<group>"; };
		AA532E262AD496D20027E3FE /* PolyHalfCircle.cpp */ = {isa = PBXFileReference; fileEncoding = 4; lastKnownFileType = sourcecode.cpp.cpp; path = PolyHalfCircle.cpp; sourceTree = "<group>"; };
		AA532E282AD496F30027E3FE /* PolyTriangle.cpp */ = {isa = PBXFileReference; fileEncoding = 4; lastKnownFileType = sourcecode.cpp.cpp; path = PolyTriangle.cpp; sourceTree = "<group>"; };
		AA532E2A2AD496FC0027E3FE /* PolyTriangle.hpp */ = {isa = PBXFileReference; lastKnownFileType = sourcecode.cpp.h; path = PolyTriangle.hpp; sourceTree = "<group>"; };
		AA532E2B2AD497490027E3FE /* PolyCircle.cpp */ = {isa = PBXFileReference; fileEncoding = 4; lastKnownFileType = sourcecode.cpp.cpp; path = PolyCircle.cpp; sourceTree = "<group>"; };
		AA532E2D2AD4974F0027E3FE /* PolyCircle.hpp */ = {isa = PBXFileReference; lastKnownFileType = sourcecode.cpp.h; path = PolyCircle.hpp; sourceTree = "<group>"; };
		AA532E2E2AD4A69F0027E3FE /* PolyWingRight.hpp */ = {isa = PBXFileReference; lastKnownFileType = sourcecode.cpp.h; path = PolyWingRight.hpp; sourceTree = "<group>"; };
		AA532E2F2AD4A6AC0027E3FE /* PolyWingRight.cpp */ = {isa = PBXFileReference; fileEncoding = 4; lastKnownFileType = sourcecode.cpp.cpp; path = PolyWingRight.cpp; sourceTree = "<group>"; };
		AA532E312AD4A6C40027E3FE /* PolyWingLeft.cpp */ = {isa = PBXFileReference; fileEncoding = 4; lastKnownFileType = sourcecode.cpp.cpp; path = PolyWingLeft.cpp; sourceTree = "<group>"; };
		AA532E332AD4A6D10027E3FE /* PolyWingLeft.hpp */ = {isa = PBXFileReference; lastKnownFileType = sourcecode.cpp.h; path = PolyWingLeft.hpp; sourceTree = "<group>"; };
		AA532E342AD4A70A0027E3FE /* PolyShape.hpp */ = {isa = PBXFileReference; lastKnownFileType = sourcecode.cpp.h; path = PolyShape.hpp; sourceTree = "<group>"; };
		AA532E352AD4A71A0027E3FE /* PolyShape.cpp */ = {isa = PBXFileReference; fileEncoding = 4; lastKnownFileType = sourcecode.cpp.cpp; path = PolyShape.cpp; sourceTree = "<group>"; };
		AA532E372AD4A7560027E3FE /* Animal.cpp */ = {isa = PBXFileReference; fileEncoding = 4; lastKnownFileType = sourcecode.cpp.cpp; path = Animal.cpp; sourceTree = "<group>"; };
		AA532E392AD4A7620027E3FE /* Animal.hpp */ = {isa = PBXFileReference; lastKnownFileType = sourcecode.cpp.h; path = Animal.hpp; sourceTree = "<group>"; };
		AA59184C2AD644CB00971540 /* ObjectGroup.cpp */ = {isa = PBXFileReference; lastKnownFileType = sourcecode.cpp.cpp; path = ObjectGroup.cpp; sourceTree = "<group>"; };
		AA59184D2AD644CB00971540 /* ObjectGroup.hpp */ = {isa = PBXFileReference; lastKnownFileType = sourcecode.cpp.h; path = ObjectGroup.hpp; sourceTree = "<group>"; };
		AA99EF682AD8D16B008340C3 /* EllipseReticle.cpp */ = {isa = PBXFileReference; lastKnownFileType = sourcecode.cpp.cpp; path = EllipseReticle.cpp; sourceTree = "<group>"; };
		AA99EF692AD8D16B008340C3 /* EllipseReticle.hpp */ = {isa = PBXFileReference; lastKnownFileType = sourcecode.cpp.h; path = EllipseReticle.hpp; sourceTree = "<group>"; };
		AABB64F22AD0C31E00EC5BF3 /* GraphicObject.h */ = {isa = PBXFileReference; lastKnownFileType = sourcecode.c.h; path = GraphicObject.h; sourceTree = "<group>"; };
		AABB64F32AD0C31E00EC5BF3 /* World.h */ = {isa = PBXFileReference; lastKnownFileType = sourcecode.c.h; path = World.h; sourceTree = "<group>"; };
		AABB64F42AD0C31E00EC5BF3 /* glPlatform.h */ = {isa = PBXFileReference; lastKnownFileType = sourcecode.c.h; path = glPlatform.h; sourceTree = "<group>"; };
		AABB64F52AD0C31E00EC5BF3 /* Ellipse.h */ = {isa = PBXFileReference; lastKnownFileType = sourcecode.c.h; path = Ellipse.h; sourceTree = "<group>"; };
		AABB64F62AD0C32900EC5BF3 /* main.cpp */ = {isa = PBXFileReference; fileEncoding = 4; lastKnownFileType = sourcecode.cpp.cpp; path = main.cpp; sourceTree = "<group>"; };
		AABB64F72AD0C32900EC5BF3 /* World.cpp */ = {isa = PBXFileReference; fileEncoding = 4; lastKnownFileType = sourcecode.cpp.cpp; path = World.cpp; sourceTree = "<group>"; };
		AABB64F82AD0C32900EC5BF3 /* Ellipse.cpp */ = {isa = PBXFileReference; fileEncoding = 4; lastKnownFileType = sourcecode.cpp.cpp; path = Ellipse.cpp; sourceTree = "<group>"; };
		AABB64F92AD0C32900EC5BF3 /* GraphicObject.cpp */ = {isa = PBXFileReference; fileEncoding = 4; lastKnownFileType = sourcecode.cpp.cpp; path = GraphicObject.cpp; sourceTree = "<group>"; };
/* End PBXFileReference section */

/* Begin PBXFrameworksBuildPhase section */
		1619E17C2ACDCFDD00065C2A /* Frameworks */ = {
			isa = PBXFrameworksBuildPhase;
			buildActionMask = 2147483647;
			files = (
				1619E18C2ACDCFE800065C2A /* GLUT.framework in Frameworks */,
				1619E18D2ACDCFE800065C2A /* OpenGL.framework in Frameworks */,
			);
			runOnlyForDeploymentPostprocessing = 0;
		};
/* End PBXFrameworksBuildPhase section */

/* Begin PBXGroup section */
		1619E1762ACDCFDD00065C2A = {
			isa = PBXGroup;
			children = (
				1619E1812ACDCFDD00065C2A /* source */,
				1619E1802ACDCFDD00065C2A /* Products */,
				1619E1892ACDCFE800065C2A /* Frameworks */,
			);
			sourceTree = "<group>";
		};
		1619E1802ACDCFDD00065C2A /* Products */ = {
			isa = PBXGroup;
			children = (
				1619E17F2ACDCFDD00065C2A /* hw2 */,
			);
			name = Products;
			sourceTree = "<group>";
		};
		1619E1812ACDCFDD00065C2A /* source */ = {
			isa = PBXGroup;
			children = (
				1619E1922ACF1EDB00065C2A /* Headers */,
				1619E19F2ACF1EFF00065C2A /* Source */,
			);
			path = source;
			sourceTree = "<group>";
		};
		1619E1892ACDCFE800065C2A /* Frameworks */ = {
			isa = PBXGroup;
			children = (
				1619E18A2ACDCFE800065C2A /* GLUT.framework */,
				1619E18B2ACDCFE800065C2A /* OpenGL.framework */,
			);
			name = Frameworks;
			sourceTree = "<group>";
		};
		1619E1922ACF1EDB00065C2A /* Headers */ = {
			isa = PBXGroup;
			children = (
				AABB64F52AD0C31E00EC5BF3 /* Ellipse.h */,
				AA532E2D2AD4974F0027E3FE /* PolyCircle.hpp */,
				AABB64F42AD0C31E00EC5BF3 /* glPlatform.h */,
				AABB64F22AD0C31E00EC5BF3 /* GraphicObject.h */,
				AA532E252AD496CB0027E3FE /* PolyHalfCircle.hpp */,
				AA532E392AD4A7620027E3FE /* Animal.hpp */,
				AA532E2A2AD496FC0027E3FE /* PolyTriangle.hpp */,
				AA532E342AD4A70A0027E3FE /* PolyShape.hpp */,
				AA532E2E2AD4A69F0027E3FE /* PolyWingRight.hpp */,
				AA532E332AD4A6D10027E3FE /* PolyWingLeft.hpp */,
				AABB64F32AD0C31E00EC5BF3 /* World.h */,
				AA532E242AD4969F0027E3FE /* PolyRect.hpp */,
				AA59184D2AD644CB00971540 /* ObjectGroup.hpp */,
				AA99EF692AD8D16B008340C3 /* EllipseReticle.hpp */,
			);
			path = Headers;
			sourceTree = "<group>";
		};
		1619E19F2ACF1EFF00065C2A /* Source */ = {
			isa = PBXGroup;
			children = (
				AA99EF682AD8D16B008340C3 /* EllipseReticle.cpp */,
				AA59184C2AD644CB00971540 /* ObjectGroup.cpp */,
				AA532E222AD496970027E3FE /* PolyRect.cpp */,
				AA532E282AD496F30027E3FE /* PolyTriangle.cpp */,
				AA532E312AD4A6C40027E3FE /* PolyWingLeft.cpp */,
				AA532E372AD4A7560027E3FE /* Animal.cpp */,
				AA532E2B2AD497490027E3FE /* PolyCircle.cpp */,
				AA532E2F2AD4A6AC0027E3FE /* PolyWingRight.cpp */,
				AA532E352AD4A71A0027E3FE /* PolyShape.cpp */,
				AA532E262AD496D20027E3FE /* PolyHalfCircle.cpp */,
				AABB64F82AD0C32900EC5BF3 /* Ellipse.cpp */,
				AABB64F92AD0C32900EC5BF3 /* GraphicObject.cpp */,
				AABB64F62AD0C32900EC5BF3 /* main.cpp */,
				AABB64F72AD0C32900EC5BF3 /* World.cpp */,
			);
			path = Source;
			sourceTree = "<group>";
		};
/* End PBXGroup section */

/* Begin PBXNativeTarget section */
		1619E17E2ACDCFDD00065C2A /* hw2 */ = {
			isa = PBXNativeTarget;
			buildConfigurationList = 1619E1862ACDCFDD00065C2A /* Build configuration list for PBXNativeTarget "hw2" */;
			buildPhases = (
				1619E17B2ACDCFDD00065C2A /* Sources */,
				1619E17C2ACDCFDD00065C2A /* Frameworks */,
				1619E17D2ACDCFDD00065C2A /* CopyFiles */,
			);
			buildRules = (
			);
			dependencies = (
			);
			name = hw2;
			productName = "Display Text";
			productReference = 1619E17F2ACDCFDD00065C2A /* hw2 */;
			productType = "com.apple.product-type.tool";
		};
/* End PBXNativeTarget section */

/* Begin PBXProject section */
		1619E1772ACDCFDD00065C2A /* Project object */ = {
			isa = PBXProject;
			attributes = {
				BuildIndependentTargetsInParallel = 1;
				LastUpgradeCheck = 1500;
				TargetAttributes = {
					1619E17E2ACDCFDD00065C2A = {
						CreatedOnToolsVersion = 15.0;
					};
				};
			};
			buildConfigurationList = 1619E17A2ACDCFDD00065C2A /* Build configuration list for PBXProject "hw2" */;
			compatibilityVersion = "Xcode 14.0";
			developmentRegion = en;
			hasScannedForEncodings = 0;
			knownRegions = (
				en,
				Base,
			);
			mainGroup = 1619E1762ACDCFDD00065C2A;
			productRefGroup = 1619E1802ACDCFDD00065C2A /* Products */;
			projectDirPath = "";
			projectRoot = "";
			targets = (
				1619E17E2ACDCFDD00065C2A /* hw2 */,
			);
		};
/* End PBXProject section */

/* Begin PBXSourcesBuildPhase section */
		1619E17B2ACDCFDD00065C2A /* Sources */ = {
			isa = PBXSourcesBuildPhase;
			buildActionMask = 2147483647;
			files = (
				AA532E232AD496970027E3FE /* PolyRect.cpp in Sources */,
				AA99EF6A2AD8D173008340C3 /* EllipseReticle.cpp in Sources */,
				AABB64FC2AD0C32900EC5BF3 /* Ellipse.cpp in Sources */,
				AA532E292AD496F30027E3FE /* PolyTriangle.cpp in Sources */,
				AA532E2C2AD497490027E3FE /* PolyCircle.cpp in Sources */,
				AA532E322AD4A6C40027E3FE /* PolyWingLeft.cpp in Sources */,
				AA532E382AD4A7560027E3FE /* Animal.cpp in Sources */,
				AABB64FB2AD0C32900EC5BF3 /* World.cpp in Sources */,
				AABB64FA2AD0C32900EC5BF3 /* main.cpp in Sources */,
				AABB64FD2AD0C32900EC5BF3 /* GraphicObject.cpp in Sources */,
				AA59184E2AD644CF00971540 /* ObjectGroup.cpp in Sources */,
				AA532E302AD4A6AC0027E3FE /* PolyWingRight.cpp in Sources */,
				AA532E272AD496D20027E3FE /* PolyHalfCircle.cpp in Sources */,
				AA532E362AD4A71A0027E3FE /* PolyShape.cpp in Sources */,
			);
			runOnlyForDeploymentPostprocessing = 0;
		};
/* End PBXSourcesBuildPhase section */

/* Begin XCBuildConfiguration section */
		1619E1842ACDCFDD00065C2A /* Debug */ = {
			isa = XCBuildConfiguration;
			buildSettings = {
				ALWAYS_SEARCH_USER_PATHS = NO;
				ASSETCATALOG_COMPILER_GENERATE_SWIFT_ASSET_SYMBOL_EXTENSIONS = YES;
				CLANG_ANALYZER_NONNULL = YES;
				CLANG_ANALYZER_NUMBER_OBJECT_CONVERSION = YES_AGGRESSIVE;
				CLANG_CXX_LANGUAGE_STANDARD = "gnu++20";
				CLANG_ENABLE_MODULES = YES;
				CLANG_ENABLE_OBJC_ARC = YES;
				CLANG_ENABLE_OBJC_WEAK = YES;
				CLANG_WARN_BLOCK_CAPTURE_AUTORELEASING = YES;
				CLANG_WARN_BOOL_CONVERSION = YES;
				CLANG_WARN_COMMA = YES;
				CLANG_WARN_CONSTANT_CONVERSION = YES;
				CLANG_WARN_DEPRECATED_OBJC_IMPLEMENTATIONS = YES;
				CLANG_WARN_DIRECT_OBJC_ISA_USAGE = YES_ERROR;
				CLANG_WARN_DOCUMENTATION_COMMENTS = YES;
				CLANG_WARN_EMPTY_BODY = YES;
				CLANG_WARN_ENUM_CONVERSION = YES;
				CLANG_WARN_INFINITE_RECURSION = YES;
				CLANG_WARN_INT_CONVERSION = YES;
				CLANG_WARN_NON_LITERAL_NULL_CONVERSION = YES;
				CLANG_WARN_OBJC_IMPLICIT_RETAIN_SELF = YES;
				CLANG_WARN_OBJC_LITERAL_CONVERSION = YES;
				CLANG_WARN_OBJC_ROOT_CLASS = YES_ERROR;
				CLANG_WARN_QUOTED_INCLUDE_IN_FRAMEWORK_HEADER = YES;
				CLANG_WARN_RANGE_LOOP_ANALYSIS = YES;
				CLANG_WARN_STRICT_PROTOTYPES = YES;
				CLANG_WARN_SUSPICIOUS_MOVE = YES;
				CLANG_WARN_UNGUARDED_AVAILABILITY = YES_AGGRESSIVE;
				CLANG_WARN_UNREACHABLE_CODE = YES;
				CLANG_WARN__DUPLICATE_METHOD_MATCH = YES;
				COPY_PHASE_STRIP = NO;
				DEBUG_INFORMATION_FORMAT = dwarf;
				ENABLE_STRICT_OBJC_MSGSEND = YES;
				ENABLE_TESTABILITY = YES;
				ENABLE_USER_SCRIPT_SANDBOXING = YES;
				GCC_C_LANGUAGE_STANDARD = gnu17;
				GCC_DYNAMIC_NO_PIC = NO;
				GCC_NO_COMMON_BLOCKS = YES;
				GCC_OPTIMIZATION_LEVEL = 0;
				GCC_PREPROCESSOR_DEFINITIONS = (
					"DEBUG=1",
					"$(inherited)",
				);
				GCC_WARN_64_TO_32_BIT_CONVERSION = YES;
				GCC_WARN_ABOUT_RETURN_TYPE = YES_ERROR;
				GCC_WARN_UNDECLARED_SELECTOR = YES;
				GCC_WARN_UNINITIALIZED_AUTOS = YES_AGGRESSIVE;
				GCC_WARN_UNUSED_FUNCTION = YES;
				GCC_WARN_UNUSED_VARIABLE = YES;
				LOCALIZATION_PREFERS_STRING_CATALOGS = YES;
				MACOSX_DEPLOYMENT_TARGET = 13.5;
				MTL_ENABLE_DEBUG_INFO = INCLUDE_SOURCE;
				MTL_FAST_MATH = YES;
				ONLY_ACTIVE_ARCH = YES;
				SDKROOT = macosx;
			};
			name = Debug;
		};
		1619E1852ACDCFDD00065C2A /* Release */ = {
			isa = XCBuildConfiguration;
			buildSettings = {
				ALWAYS_SEARCH_USER_PATHS = NO;
				ASSETCATALOG_COMPILER_GENERATE_SWIFT_ASSET_SYMBOL_EXTENSIONS = YES;
				CLANG_ANALYZER_NONNULL = YES;
				CLANG_ANALYZER_NUMBER_OBJECT_CONVERSION = YES_AGGRESSIVE;
				CLANG_CXX_LANGUAGE_STANDARD = "gnu++20";
				CLANG_ENABLE_MODULES = YES;
				CLANG_ENABLE_OBJC_ARC = YES;
				CLANG_ENABLE_OBJC_WEAK = YES;
				CLANG_WARN_BLOCK_CAPTURE_AUTORELEASING = YES;
				CLANG_WARN_BOOL_CONVERSION = YES;
				CLANG_WARN_COMMA = YES;
				CLANG_WARN_CONSTANT_CONVERSION = YES;
				CLANG_WARN_DEPRECATED_OBJC_IMPLEMENTATIONS = YES;
				CLANG_WARN_DIRECT_OBJC_ISA_USAGE = YES_ERROR;
				CLANG_WARN_DOCUMENTATION_COMMENTS = YES;
				CLANG_WARN_EMPTY_BODY = YES;
				CLANG_WARN_ENUM_CONVERSION = YES;
				CLANG_WARN_INFINITE_RECURSION = YES;
				CLANG_WARN_INT_CONVERSION = YES;
				CLANG_WARN_NON_LITERAL_NULL_CONVERSION = YES;
				CLANG_WARN_OBJC_IMPLICIT_RETAIN_SELF = YES;
				CLANG_WARN_OBJC_LITERAL_CONVERSION = YES;
				CLANG_WARN_OBJC_ROOT_CLASS = YES_ERROR;
				CLANG_WARN_QUOTED_INCLUDE_IN_FRAMEWORK_HEADER = YES;
				CLANG_WARN_RANGE_LOOP_ANALYSIS = YES;
				CLANG_WARN_STRICT_PROTOTYPES = YES;
				CLANG_WARN_SUSPICIOUS_MOVE = YES;
				CLANG_WARN_UNGUARDED_AVAILABILITY = YES_AGGRESSIVE;
				CLANG_WARN_UNREACHABLE_CODE = YES;
				CLANG_WARN__DUPLICATE_METHOD_MATCH = YES;
				COPY_PHASE_STRIP = NO;
				DEBUG_INFORMATION_FORMAT = "dwarf-with-dsym";
				ENABLE_NS_ASSERTIONS = NO;
				ENABLE_STRICT_OBJC_MSGSEND = YES;
				ENABLE_USER_SCRIPT_SANDBOXING = YES;
				GCC_C_LANGUAGE_STANDARD = gnu17;
				GCC_NO_COMMON_BLOCKS = YES;
				GCC_WARN_64_TO_32_BIT_CONVERSION = YES;
				GCC_WARN_ABOUT_RETURN_TYPE = YES_ERROR;
				GCC_WARN_UNDECLARED_SELECTOR = YES;
				GCC_WARN_UNINITIALIZED_AUTOS = YES_AGGRESSIVE;
				GCC_WARN_UNUSED_FUNCTION = YES;
				GCC_WARN_UNUSED_VARIABLE = YES;
				LOCALIZATION_PREFERS_STRING_CATALOGS = YES;
				MACOSX_DEPLOYMENT_TARGET = 13.5;
				MTL_ENABLE_DEBUG_INFO = NO;
				MTL_FAST_MATH = YES;
				SDKROOT = macosx;
			};
			name = Release;
		};
		1619E1872ACDCFDD00065C2A /* Debug */ = {
			isa = XCBuildConfiguration;
			buildSettings = {
				CODE_SIGN_STYLE = Automatic;
				DEVELOPMENT_TEAM = 926B47NP6S;
				ENABLE_HARDENED_RUNTIME = YES;
				MACOSX_DEPLOYMENT_TARGET = "$(RECOMMENDED_MACOSX_DEPLOYMENT_TARGET)";
				PRODUCT_NAME = "$(TARGET_NAME)";
			};
			name = Debug;
		};
		1619E1882ACDCFDD00065C2A /* Release */ = {
			isa = XCBuildConfiguration;
			buildSettings = {
				CODE_SIGN_STYLE = Automatic;
				DEVELOPMENT_TEAM = 926B47NP6S;
				ENABLE_HARDENED_RUNTIME = YES;
				MACOSX_DEPLOYMENT_TARGET = "$(RECOMMENDED_MACOSX_DEPLOYMENT_TARGET)";
				PRODUCT_NAME = "$(TARGET_NAME)";
			};
			name = Release;
		};
/* End XCBuildConfiguration section */

/* Begin XCConfigurationList section */
		1619E17A2ACDCFDD00065C2A /* Build configuration list for PBXProject "hw2" */ = {
			isa = XCConfigurationList;
			buildConfigurations = (
				1619E1842ACDCFDD00065C2A /* Debug */,
				1619E1852ACDCFDD00065C2A /* Release */,
			);
			defaultConfigurationIsVisible = 0;
			defaultConfigurationName = Release;
		};
		1619E1862ACDCFDD00065C2A /* Build configuration list for PBXNativeTarget "hw2" */ = {
			isa = XCConfigurationList;
			buildConfigurations = (
				1619E1872ACDCFDD00065C2A /* Debug */,
				1619E1882ACDCFDD00065C2A /* Release */,
			);
			defaultConfigurationIsVisible = 0;
			defaultConfigurationName = Release;
		};
/* End XCConfigurationList section */
	};
	rootObject = 1619E1772ACDCFDD00065C2A /* Project object */;
}
